{
    "version": 3,
    "terraform_version": "0.11.10",
    "serial": 1,
    "lineage": "264757b3-83e7-d814-f88c-a381f830cac6",
    "modules": [
        {
            "path": [
                "root"
            ],
            "outputs": {},
            "resources": {},
            "depends_on": []
        },
        {
            "path": [
                "root",
                "gke"
            ],
            "outputs": {
                "additional_zones": {
                    "sensitive": false,
                    "type": "list",
                    "value": [
                        "europe-west1-c"
                    ]
                },
                "cluster_name": {
                    "sensitive": false,
                    "type": "string",
                    "value": "birthday-api-4"
                },
                "endpoint": {
                    "sensitive": false,
                    "type": "string",
                    "value": "35.240.11.72"
                },
                "node_version": {
                    "sensitive": false,
                    "type": "string",
                    "value": "1.10.7-gke.6"
                },
                "primary_zone": {
                    "sensitive": false,
                    "type": "string",
                    "value": "europe-west1-b"
                }
            },
            "resources": {
                "data.google_compute_zones.available": {
                    "type": "google_compute_zones",
                    "depends_on": [],
                    "primary": {
                        "id": "2018-10-29 18:48:47.420209 +0000 UTC",
                        "attributes": {
                            "id": "2018-10-29 18:48:47.420209 +0000 UTC",
                            "names.#": "3",
                            "names.0": "europe-west1-b",
                            "names.1": "europe-west1-c",
                            "names.2": "europe-west1-d",
                            "project": "birthday-api-4",
                            "region": "europe-west1"
                        },
                        "meta": {},
                        "tainted": false
                    },
                    "deposed": [],
                    "provider": "module.gke.provider.google"
                },
                "google_container_cluster.primary": {
                    "type": "google_container_cluster",
                    "depends_on": [
                        "data.google_compute_zones.available"
                    ],
                    "primary": {
                        "id": "birthday-api-4",
                        "attributes": {
                            "additional_zones.#": "1",
                            "additional_zones.2344402622": "europe-west1-c",
                            "addons_config.#": "1",
                            "addons_config.0.horizontal_pod_autoscaling.#": "0",
                            "addons_config.0.http_load_balancing.#": "0",
                            "addons_config.0.kubernetes_dashboard.#": "1",
                            "addons_config.0.kubernetes_dashboard.0.disabled": "true",
                            "addons_config.0.network_policy_config.#": "1",
                            "addons_config.0.network_policy_config.0.disabled": "true",
                            "cluster_ipv4_cidr": "10.60.0.0/14",
                            "description": "",
                            "enable_binary_authorization": "false",
                            "enable_kubernetes_alpha": "false",
                            "enable_legacy_abac": "false",
                            "enable_tpu": "false",
                            "endpoint": "35.240.11.72",
                            "id": "birthday-api-4",
                            "initial_node_count": "3",
                            "instance_group_urls.#": "2",
                            "instance_group_urls.0": "https://www.googleapis.com/compute/v1/projects/birthday-api-4/zones/europe-west1-c/instanceGroups/gke-birthday-api-4-default-pool-ba36714b-grp",
                            "instance_group_urls.1": "https://www.googleapis.com/compute/v1/projects/birthday-api-4/zones/europe-west1-b/instanceGroups/gke-birthday-api-4-default-pool-3158c7d9-grp",
                            "ip_allocation_policy.#": "0",
                            "logging_service": "logging.googleapis.com",
                            "maintenance_policy.#": "0",
                            "master_auth.#": "1",
                            "master_auth.0.client_certificate": "LS0tLS1CRUdJTiBDRVJUSUZJQ0FURS0tLS0tCk1JSUMyekNDQWNPZ0F3SUJBZ0lSQVBYT29NMUw4cGZ6aHlXSm45eXZBd0F3RFFZSktvWklodmNOQVFFTEJRQXcKTHpFdE1Dc0dBMVVFQXhNa09UUTJaVGd6WlRjdFpXWmhaQzAwTkRoakxXRTNPR1F0WldVMk5UUTJZV001TlRZNQpNQjRYRFRFNE1UQXlPVEU0TkRnMU5sb1hEVEl6TVRBeU9ERTRORGcxTmxvd0VURVBNQTBHQTFVRUF4TUdZMnhwClpXNTBNSUlCSWpBTkJna3Foa2lHOXcwQkFRRUZBQU9DQVE4QU1JSUJDZ0tDQVFFQTBhVkNFKzlNb2J0NTJwWmUKWGcxWVdFT3dRckMyeFd0MWxJZStPdnY4eStvZ0dCeUliVW1laGlmdVYxRDE5YTV6QVBFcXZWSUJVQXZDSlJWbwpxK001MnpXc0hCL3lkZVVZQjVtS0ZPcTcrQWVhWVBDQy9KL2hxSDBDODF5emErbDNGaE5tYWFrOHpvMkVZZ1BwCmRIYUpQbzJTZmVrS3hZbGMweDkvVDRNYWVTb2ZrQ3JFUWZ2K05GTmN6U1ZaVmxpUmlwVW84YlVZZjNmQXBuaVgKOFQwR3dvcFF2OGVrRUp5eE1YdklCSjN1em42d092SWtHYUJwUUgrZjVMSmtKZm0rUW95bWI1SSt2bmM0ZnR2NQp2RU9aNU0zTDFCeXJnVlFDWFFQNTR4T3hycDJ2WFoxL1BOSmNlOVIybGJVaWFaUXNhTWkzMHUzcDNVYmdOaU5GCjE3dGZVd0lEQVFBQm94QXdEakFNQmdOVkhSTUJBZjhFQWpBQU1BMEdDU3FHU0liM0RRRUJDd1VBQTRJQkFRQ2IKRUpTTjRyVnFieUpQM1JtT0JvcHlKV3BMYjZEclhvSXlBaUhNeEV5c01pV2JTbEVKVFZEeGp6eXRqOEpnVUVaYQpJVHBBRzcyTUVKMnlPZXNlblVMVkdTWGwvbDZ4RnR5bVlEellEak1oeVdnVmpPYUJxTWNYcWUzanc4M3dlY2d6CmpQdGx6SWZaaGVlcWV6M3FrbUtPVUdYR2F4di9Na3p3dXUrK0NjcGtLOENFMEd0V0ErWWg0T0lEdGdQdjdhZm4KTnBibVduZk9hY2o1aHl6ZVNqeW90NzJMQjZZdkxYVFFUYWhWdmthcmt2THhDSUlzL243VTVtUFZSQ2lEYkdnSAp2VFZjNThEYldHb2tIUWRRQmJVeXd1VHZhY25DQzJMN0VvTmpPZWFBZmxWNFdsWlBMOWRPRzdiNFVGRFppN2QvClJJd3dOcklWSGt6TUQ2NUtVeGRBCi0tLS0tRU5EIENFUlRJRklDQVRFLS0tLS0K",
                            "master_auth.0.client_certificate_config.#": "0",
                            "master_auth.0.client_key": "LS0tLS1CRUdJTiBSU0EgUFJJVkFURSBLRVktLS0tLQpNSUlFcEFJQkFBS0NBUUVBMGFWQ0UrOU1vYnQ1MnBaZVhnMVlXRU93UXJDMnhXdDFsSWUrT3Z2OHkrb2dHQnlJCmJVbWVoaWZ1VjFEMTlhNXpBUEVxdlZJQlVBdkNKUlZvcStNNTJ6V3NIQi95ZGVVWUI1bUtGT3E3K0FlYVlQQ0MKL0ovaHFIMEM4MXl6YStsM0ZoTm1hYWs4em8yRVlnUHBkSGFKUG8yU2Zla0t4WWxjMHg5L1Q0TWFlU29ma0NyRQpRZnYrTkZOY3pTVlpWbGlSaXBVbzhiVVlmM2ZBcG5pWDhUMEd3b3BRdjhla0VKeXhNWHZJQkozdXpuNndPdklrCkdhQnBRSCtmNUxKa0pmbStRb3ltYjVJK3ZuYzRmdHY1dkVPWjVNM0wxQnlyZ1ZRQ1hRUDU0eE94cnAydlhaMS8KUE5KY2U5UjJsYlVpYVpRc2FNaTMwdTNwM1ViZ05pTkYxN3RmVXdJREFRQUJBb0lCQUJNRFhERWgrY21OT1g3cApOa1BDRFdvV2hzeks2V004TWdkaUlZN2Q2RTVpRWI1b3VyZ1dxTlF5bU9ZVEIwdUhJbWVmelAyQWkzS1pXUkV6ClFOdnpRLzJ0S2gvSmgwYkpSb1doN05PbGVraXQvOWZ5TFhSVjE3UmRLaFdzMUVUaGdVQmZvQXZOelNCUDFnVnMKVDJicTU5cmtJZzRJbUVaK3I3Yk1zTklpNmhWazRqb1l5ZnJSTXRSZVlqdC8zL1lQMk4xaWdjUitIeDlrbUhWNAp5ZFJ0YzFRRUNZSkZsR0ZLNTVybW9VaDR2L1U3ZG82blVlS21LcTRFVS9GZXFuR1FzMEMzN1ZOcTQ4WlowczhiCjdkeXM4dXYrNGZXVHNjTDJybmxmWm1tTm9MdEdyRElMSVlnMVd2RWcxc29tZFJYcnQyOFdJQnprVWxpRVdybEgKZUlOb1Ywa0NnWUVBN3VtdGNvTEwwekJPTWEyeDJva1EzbWpvYW9QMTFBY0pFM3RDZmY0Zmx2a05ONVpDNnZGbgpkcllkWUEvbXprZlpXemFXSzZDRVZEUFdFbjlFTUpsRlV1YWw4NkFZaTRiSWxEMWlEWmd6cWtVZ1EvRUsvUkJqCk85Z2VWbDhkczdZZjNqNG5mY1BlaUJFUzRaaVdmU2U2NlZMb2g4WHp2SEhnMUxDSnUzVTJzdDhDZ1lFQTRLTzMKeXNzZ0lkRXY2WUIvL3FzUHF0M0RzYlZac1pyTkFpalJRay96SXhZTm92S1NBUWNCQzRyMitGNXBDUHN4UEdkeApQU1RmOUltS0ViSGVwMUNPbUxIYy9jRHNKVndiNEpZOHJUZDdLRUFOM2t2ajVZczFpb1RRK1ZDbHJsWWYrVFNmCm5jYnVKdnBPblZEMzZoeU93emRLQk9EZVBpY0R3c2E2cTlBdTlnMENnWUVBd3pZQ2QvZHhiYzBoaHl3Q2o2ckIKTXNtTFprVU9uMEZrWkJ1cDErTEZrd2xLaUducG9hakFQbHBOcEVrNThNRDZVN0pGZjc0M2djbWRHQjRPN0pxLwo3eDN3NlNDZURadUMxc1ZWRWdDVDdvTnUrclRBb3NnNkhSTFlyd0FtOThsUFBydVFidzJWRFo3Tnk3RnUvVEp5ClllVlJoR2IxWWJ1MjFuS3RCNU9kcndjQ2dZQVdjY1VuU2V4SDlMS296ZUg3Ky9Od3l2K0dmZXdjUnE4OUMvNzgKZFNpQjFPNC8zYVNnM2FaSkZQVmdFMjdES3ZYY1p5bDFSbjNwM09RaXFIYnFtSzNtcTc2OHk4M01YY3ViUU9lSApGd2dER1lOSk5xUHFoMkl1R044WVNlcUQ1SzhGSXpEZmZzVEV1RFdxbWpCcS83ZHo0YzVQZG5nK0ZYL1dzaXhzCmhqeHE4UUtCZ1FDdkhmSFFJVlJYTzhmUmVwd1VLd0hJS0srN3Y3RW41akcwbEJyREhGSTl2MDgvMWw4bGdjZUwKeFJ5WFJUVE9LclRzYW5jVWxLSGFUQ1ZmT3N1N1RjdHE1SUNWMFdTZnpENmxXQlRiTG1nbDRzUko2ZndpUE9GVgpxa2l5bzBWd3VmbmFDNk1QSHdHT3JMbEFNNElhRExDTCs0VTBEdGlQUXRkTmhSa0FrUnZaTUE9PQotLS0tLUVORCBSU0EgUFJJVkFURSBLRVktLS0tLQo=",
                            "master_auth.0.cluster_ca_certificate": "LS0tLS1CRUdJTiBDRVJUSUZJQ0FURS0tLS0tCk1JSURERENDQWZTZ0F3SUJBZ0lSQU5MUENYVGFVSklaNkhNQVo1d3lrb2t3RFFZSktvWklodmNOQVFFTEJRQXcKTHpFdE1Dc0dBMVVFQXhNa09UUTJaVGd6WlRjdFpXWmhaQzAwTkRoakxXRTNPR1F0WldVMk5UUTJZV001TlRZNQpNQjRYRFRFNE1UQXlPVEUzTkRnMU5sb1hEVEl6TVRBeU9ERTRORGcxTmxvd0x6RXRNQ3NHQTFVRUF4TWtPVFEyClpUZ3paVGN0WldaaFpDMDBORGhqTFdFM09HUXRaV1UyTlRRMllXTTVOVFk1TUlJQklqQU5CZ2txaGtpRzl3MEIKQVFFRkFBT0NBUThBTUlJQkNnS0NBUUVBMWhSN3p0YkEyVW1QQURaRlU0eTczZWpNUjFBVWZpZDRFNitUQ0lLZwpCbUdPalZoMFNaeklSbzR0enpWZWJmc09sV0hqSjRPUXBIVFhyZ3d0R0JzVHh6bGhOcjlxMjBncjBUb3ZMdWVuClprNlp6Y3NBaDcwa25oMmhMZzQ4SDBxMmZRZkNmNitnYUlWcTQrbWEvSllSWGRZK3RKa1FuZmhRbmFqMERLamkKekdoV3JPMHVOL1EvUm9HMVVFbnVIcDZ0Tmp2NTVmM0N1cnM4VWFxaElFYmIrL3cweGhwbFBmNUMyek1PNVpHVQpvUlhpQlZ4Uk1CYnIxV3lBbitNQ2tNSTlBNmdXK2ZOM3c4bmNxT3FvNTFwUjFoNkVrdnFMbTRoMmRMUzB3MXJ6ClpJb01XRmZBR2xINlUxaXRtS05RbmtleUJaRFF1Q0xwa3FjOFdvSjBTRzhUMXdJREFRQUJveU13SVRBT0JnTlYKSFE4QkFmOEVCQU1DQWdRd0R3WURWUjBUQVFIL0JBVXdBd0VCL3pBTkJna3Foa2lHOXcwQkFRc0ZBQU9DQVFFQQptSVJPK05CNEI1anlrUHEzMzZNOGhjS1BMRlNuSmZhTlRXVzhUdkNuUmtJNEtHQ2VXMTlNUTVBM0FwcXJlcDh6CmpRSS9DK1NvTzMzRGZaVCtmZjVkTjFhSXcvTzA5SXl1K1FacUY3ZjYvOS9nRFBYcVIvWUpPOHRhTDk1M0owWUgKL2pEcTJsZHdueHVvRDh2anQwQlh3ZU9mZ01rT2hqWk5IMHlaU0tjaTltQTBjUkVsTVlYcHAwa2xqK2M3VVphMQpueWZBYzdSbXd4UzFyN2dPZi9vcjdrOGFoQjEyN0tLTDJTdGVQYjVLRS80ZG1IS2h4SnVyZE9GeU5DM2xKTit3Cmgzd1E4RmtWYm9UWGxjR1MrYXorYW1QblR1ejZ4b3N6akJJSGFyZTRqcmNieFk2OEd0c3I0TFFhN0tkRWRrZUQKanVzbmNma3VWdUtIeWg3Y29YbUs1QT09Ci0tLS0tRU5EIENFUlRJRklDQVRFLS0tLS0K",
                            "master_auth.0.password": "07hsWaD5vC4cnZG0gD",
                            "master_auth.0.username": "birthday-api-4",
                            "master_authorized_networks_config.#": "0",
                            "master_ipv4_cidr_block": "",
                            "master_version": "1.10.7-gke.6",
                            "min_master_version": "1.10.7-gke.6",
                            "monitoring_service": "monitoring.googleapis.com",
                            "name": "birthday-api-4",
                            "network": "projects/birthday-api-4/global/networks/default",
                            "network_policy.#": "1",
                            "network_policy.0.enabled": "false",
                            "network_policy.0.provider": "PROVIDER_UNSPECIFIED",
                            "node_config.#": "1",
                            "node_config.0.disk_size_gb": "100",
                            "node_config.0.disk_type": "pd-standard",
                            "node_config.0.guest_accelerator.#": "0",
                            "node_config.0.image_type": "COS",
                            "node_config.0.labels.%": "0",
                            "node_config.0.local_ssd_count": "0",
                            "node_config.0.machine_type": "n1-standard-1",
                            "node_config.0.metadata.%": "0",
                            "node_config.0.min_cpu_platform": "",
                            "node_config.0.oauth_scopes.#": "4",
                            "node_config.0.oauth_scopes.1277378754": "https://www.googleapis.com/auth/monitoring",
                            "node_config.0.oauth_scopes.1632638332": "https://www.googleapis.com/auth/devstorage.read_only",
                            "node_config.0.oauth_scopes.172152165": "https://www.googleapis.com/auth/logging.write",
                            "node_config.0.oauth_scopes.299962681": "https://www.googleapis.com/auth/compute",
                            "node_config.0.preemptible": "false",
                            "node_config.0.service_account": "default",
                            "node_config.0.tags.#": "0",
                            "node_config.0.taint.#": "0",
                            "node_config.0.workload_metadata_config.#": "0",
                            "node_pool.#": "1",
                            "node_pool.0.autoscaling.#": "0",
                            "node_pool.0.initial_node_count": "3",
                            "node_pool.0.instance_group_urls.#": "2",
                            "node_pool.0.instance_group_urls.0": "https://www.googleapis.com/compute/v1/projects/birthday-api-4/zones/europe-west1-c/instanceGroupManagers/gke-birthday-api-4-default-pool-ba36714b-grp",
                            "node_pool.0.instance_group_urls.1": "https://www.googleapis.com/compute/v1/projects/birthday-api-4/zones/europe-west1-b/instanceGroupManagers/gke-birthday-api-4-default-pool-3158c7d9-grp",
                            "node_pool.0.management.#": "1",
                            "node_pool.0.management.0.auto_repair": "false",
                            "node_pool.0.management.0.auto_upgrade": "false",
                            "node_pool.0.max_pods_per_node": "0",
                            "node_pool.0.name": "default-pool",
                            "node_pool.0.name_prefix": "",
                            "node_pool.0.node_config.#": "1",
                            "node_pool.0.node_config.0.disk_size_gb": "100",
                            "node_pool.0.node_config.0.disk_type": "pd-standard",
                            "node_pool.0.node_config.0.guest_accelerator.#": "0",
                            "node_pool.0.node_config.0.image_type": "COS",
                            "node_pool.0.node_config.0.labels.%": "0",
                            "node_pool.0.node_config.0.local_ssd_count": "0",
                            "node_pool.0.node_config.0.machine_type": "n1-standard-1",
                            "node_pool.0.node_config.0.metadata.%": "0",
                            "node_pool.0.node_config.0.min_cpu_platform": "",
                            "node_pool.0.node_config.0.oauth_scopes.#": "4",
                            "node_pool.0.node_config.0.oauth_scopes.1277378754": "https://www.googleapis.com/auth/monitoring",
                            "node_pool.0.node_config.0.oauth_scopes.1632638332": "https://www.googleapis.com/auth/devstorage.read_only",
                            "node_pool.0.node_config.0.oauth_scopes.172152165": "https://www.googleapis.com/auth/logging.write",
                            "node_pool.0.node_config.0.oauth_scopes.299962681": "https://www.googleapis.com/auth/compute",
                            "node_pool.0.node_config.0.preemptible": "false",
                            "node_pool.0.node_config.0.service_account": "default",
                            "node_pool.0.node_config.0.tags.#": "0",
                            "node_pool.0.node_config.0.taint.#": "0",
                            "node_pool.0.node_config.0.workload_metadata_config.#": "0",
                            "node_pool.0.node_count": "3",
                            "node_pool.0.version": "1.10.7-gke.6",
                            "node_version": "1.10.7-gke.6",
                            "pod_security_policy_config.#": "0",
                            "private_cluster": "false",
                            "project": "birthday-api-4",
                            "resource_labels.%": "0",
                            "subnetwork": "projects/birthday-api-4/regions/europe-west1/subnetworks/default",
                            "zone": "europe-west1-b"
                        },
                        "meta": {
                            "e2bfb730-ecaa-11e6-8f88-34363bc7c4c0": {
                                "create": 1800000000000,
                                "delete": 1800000000000,
                                "update": 600000000000
                            },
                            "schema_version": "1"
                        },
                        "tainted": false
                    },
                    "deposed": [],
                    "provider": "module.gke.provider.google"
                }
            },
            "depends_on": []
        }
    ]
}
